{
    "_readme": [
        "This file locks the dependencies of your project to a known state",
        "Read more about it at https://getcomposer.org/doc/01-basic-usage.md#installing-dependencies",
        "This file is @generated automatically"
    ],
    "content-hash": "370af078b0728affae5b1f39d75193ee",
    "packages": [],
    "packages-dev": [],
    "aliases": [],
    "minimum-stability": "stable",
    "stability-flags": {},
    "prefer-stable": true,
    "prefer-lowest": false,
    "platform": {
        "php": "~8.4.0 || ~8.5.0 || ~8.6.0",
        "ext-apcu": "*",
        "ext-bcmath": "*",
        "ext-ctype": "*",
        "ext-curl": "*",
        "ext-dom": "*",
        "ext-ds": "*",
        "ext-event": "*",
        "ext-exif": "*",
        "ext-fileinfo": "*",
        "ext-filter": "*",
        "ext-gd": "*",
        "ext-gettext": "*",
        "ext-hash": "*",
        "ext-iconv": "*",
        "ext-intl": "*",
        "ext-json": "*",
        "ext-libxml": "*",
        "ext-mbstring": "*",
        "ext-memcached": "*",
        "ext-mysqli": "*",
        "ext-openssl": "*",
        "ext-pdo": "*",
        "ext-pdo_mysql": "*",
        "ext-pdo_pgsql": "*",
        "ext-pdo_sqlite": "*",
        "ext-pgsql": "*",
        "ext-phar": "*",
        "ext-protobuf": "*",
        "ext-readline": "*",
        "ext-redis": "*",
        "ext-session": "*",
        "ext-simplexml": "*",
        "ext-sockets": "*",
        "ext-sodium": "*",
        "ext-sqlite3": "*",
        "ext-tokenizer": "*",
        "ext-xdebug": "*",
        "ext-xml": "*",
        "ext-xmlreader": "*",
        "ext-xmlwriter": "*",
        "ext-xsl": "*",
        "ext-yaml": "*",
        "ext-zend-opcache": "*",
        "ext-zip": "*",
        "ext-zlib": "*"
    },
    "platform-dev": {},
    "platform-overrides": {
        "php": "8.4.999"
    },
    "plugin-api-version": "2.9.0"
}
